// !$*UTF8*$!
{
	archiveVersion = 1;
	classes = {
	};
	objectVersion = 56;
	objects = {

/* Begin PBXBuildFile section */
		B702D51E2AE8EBBE0089BDF0 /* Date+Ext.swift in Sources */ = {isa = PBXBuildFile; fileRef = B702D51D2AE8EBBE0089BDF0 /* Date+Ext.swift */; };
		B717AD712AC9A4A900497AAC /* AppDelegate.swift in Sources */ = {isa = PBXBuildFile; fileRef = B717AD702AC9A4A900497AAC /* AppDelegate.swift */; };
		B717AD732AC9A4AA00497AAC /* SceneDelegate.swift in Sources */ = {isa = PBXBuildFile; fileRef = B717AD722AC9A4AA00497AAC /* SceneDelegate.swift */; };
		B717AD752AC9A4AA00497AAC /* ViewController.swift in Sources */ = {isa = PBXBuildFile; fileRef = B717AD742AC9A4AA00497AAC /* ViewController.swift */; };
		B717AD782AC9A4AA00497AAC /* Main.storyboard in Resources */ = {isa = PBXBuildFile; fileRef = B717AD762AC9A4AA00497AAC /* Main.storyboard */; };
		B717AD7A2AC9A4AD00497AAC /* Assets.xcassets in Resources */ = {isa = PBXBuildFile; fileRef = B717AD792AC9A4AD00497AAC /* Assets.xcassets */; };
		B717AD7D2AC9A4AD00497AAC /* LaunchScreen.storyboard in Resources */ = {isa = PBXBuildFile; fileRef = B717AD7B2AC9A4AD00497AAC /* LaunchScreen.storyboard */; };
		B72181902AD525B00025C5FE /* Realm in Frameworks */ = {isa = PBXBuildFile; productRef = B721818F2AD525B00025C5FE /* Realm */; };
		B72181922AD525B00025C5FE /* RealmSwift in Frameworks */ = {isa = PBXBuildFile; productRef = B72181912AD525B00025C5FE /* RealmSwift */; };
		B72181942AD526990025C5FE /* RecordVC.swift in Sources */ = {isa = PBXBuildFile; fileRef = B72181932AD526990025C5FE /* RecordVC.swift */; };
		B72181992AD52DFF0025C5FE /* GritEntity.swift in Sources */ = {isa = PBXBuildFile; fileRef = B72181982AD52DFF0025C5FE /* GritEntity.swift */; };
		B721819B2AD52FD80025C5FE /* GritRepository.swift in Sources */ = {isa = PBXBuildFile; fileRef = B721819A2AD52FD80025C5FE /* GritRepository.swift */; };
		B72181E92ADFB0C20025C5FE /* DGCharts in Frameworks */ = {isa = PBXBuildFile; productRef = B72181E82ADFB0C20025C5FE /* DGCharts */; };
		B72181EB2ADFB0C20025C5FE /* DGChartsDynamic in Frameworks */ = {isa = PBXBuildFile; productRef = B72181EA2ADFB0C20025C5FE /* DGChartsDynamic */; };
		B73CC9052ACC0F5A00F1AF13 /* BreakTime.storyboard in Resources */ = {isa = PBXBuildFile; fileRef = B73CC9042ACC0F5A00F1AF13 /* BreakTime.storyboard */; };
		B73CC9072ACC10B000F1AF13 /* BreakTimeViewController.swift in Sources */ = {isa = PBXBuildFile; fileRef = B73CC9062ACC10B000F1AF13 /* BreakTimeViewController.swift */; };
		B73CC9092ACC17E300F1AF13 /* BreakTimeWordVC.storyboard in Resources */ = {isa = PBXBuildFile; fileRef = B73CC9082ACC17E300F1AF13 /* BreakTimeWordVC.storyboard */; };
		B73CC90B2ACC17FF00F1AF13 /* BreakTimeWordVC.swift in Sources */ = {isa = PBXBuildFile; fileRef = B73CC90A2ACC17FE00F1AF13 /* BreakTimeWordVC.swift */; };
		B73CC90D2ACC3E0700F1AF13 /* MyOnboardingPageController.swift in Sources */ = {isa = PBXBuildFile; fileRef = B73CC90C2ACC3E0700F1AF13 /* MyOnboardingPageController.swift */; };
		B73CC90F2ACD2A1A00F1AF13 /* SelectVC.storyboard in Resources */ = {isa = PBXBuildFile; fileRef = B73CC90E2ACD2A1A00F1AF13 /* SelectVC.storyboard */; };
		B73CC9112ACD2A2C00F1AF13 /* SelectVC.swift in Sources */ = {isa = PBXBuildFile; fileRef = B73CC9102ACD2A2C00F1AF13 /* SelectVC.swift */; };
		B789AF3E2ACEAEC500400F55 /* RxBlocking in Frameworks */ = {isa = PBXBuildFile; productRef = B789AF3D2ACEAEC500400F55 /* RxBlocking */; };
		B789AF402ACEAEC500400F55 /* RxBlocking-Dynamic in Frameworks */ = {isa = PBXBuildFile; productRef = B789AF3F2ACEAEC500400F55 /* RxBlocking-Dynamic */; };
		B789AF422ACEAEC500400F55 /* RxCocoa in Frameworks */ = {isa = PBXBuildFile; productRef = B789AF412ACEAEC500400F55 /* RxCocoa */; };
		B789AF442ACEAEC500400F55 /* RxCocoa-Dynamic in Frameworks */ = {isa = PBXBuildFile; productRef = B789AF432ACEAEC500400F55 /* RxCocoa-Dynamic */; };
		B789AF462ACEAEC500400F55 /* RxRelay in Frameworks */ = {isa = PBXBuildFile; productRef = B789AF452ACEAEC500400F55 /* RxRelay */; };
/* End PBXBuildFile section */

/* Begin PBXFileReference section */
		B702D51D2AE8EBBE0089BDF0 /* Date+Ext.swift */ = {isa = PBXFileReference; lastKnownFileType = sourcecode.swift; path = "Date+Ext.swift"; sourceTree = "<group>"; };
		B717AD6D2AC9A4A900497AAC /* TenMinutes_Pomo.app */ = {isa = PBXFileReference; explicitFileType = wrapper.application; includeInIndex = 0; path = TenMinutes_Pomo.app; sourceTree = BUILT_PRODUCTS_DIR; };
		B717AD702AC9A4A900497AAC /* AppDelegate.swift */ = {isa = PBXFileReference; lastKnownFileType = sourcecode.swift; path = AppDelegate.swift; sourceTree = "<group>"; };
		B717AD722AC9A4AA00497AAC /* SceneDelegate.swift */ = {isa = PBXFileReference; lastKnownFileType = sourcecode.swift; path = SceneDelegate.swift; sourceTree = "<group>"; };
		B717AD742AC9A4AA00497AAC /* ViewController.swift */ = {isa = PBXFileReference; lastKnownFileType = sourcecode.swift; path = ViewController.swift; sourceTree = "<group>"; };
		B717AD772AC9A4AA00497AAC /* Base */ = {isa = PBXFileReference; lastKnownFileType = file.storyboard; name = Base; path = Base.lproj/Main.storyboard; sourceTree = "<group>"; };
		B717AD792AC9A4AD00497AAC /* Assets.xcassets */ = {isa = PBXFileReference; lastKnownFileType = folder.assetcatalog; path = Assets.xcassets; sourceTree = "<group>"; };
		B717AD7C2AC9A4AD00497AAC /* Base */ = {isa = PBXFileReference; lastKnownFileType = file.storyboard; name = Base; path = Base.lproj/LaunchScreen.storyboard; sourceTree = "<group>"; };
		B717AD7E2AC9A4AD00497AAC /* Info.plist */ = {isa = PBXFileReference; lastKnownFileType = text.plist.xml; path = Info.plist; sourceTree = "<group>"; };
		B72181932AD526990025C5FE /* RecordVC.swift */ = {isa = PBXFileReference; lastKnownFileType = sourcecode.swift; path = RecordVC.swift; sourceTree = "<group>"; };
		B72181982AD52DFF0025C5FE /* GritEntity.swift */ = {isa = PBXFileReference; lastKnownFileType = sourcecode.swift; path = GritEntity.swift; sourceTree = "<group>"; };
		B721819A2AD52FD80025C5FE /* GritRepository.swift */ = {isa = PBXFileReference; lastKnownFileType = sourcecode.swift; path = GritRepository.swift; sourceTree = "<group>"; };
		B73CC9042ACC0F5A00F1AF13 /* BreakTime.storyboard */ = {isa = PBXFileReference; lastKnownFileType = file.storyboard; path = BreakTime.storyboard; sourceTree = "<group>"; };
		B73CC9062ACC10B000F1AF13 /* BreakTimeViewController.swift */ = {isa = PBXFileReference; lastKnownFileType = sourcecode.swift; path = BreakTimeViewController.swift; sourceTree = "<group>"; };
		B73CC9082ACC17E300F1AF13 /* BreakTimeWordVC.storyboard */ = {isa = PBXFileReference; lastKnownFileType = file.storyboard; path = BreakTimeWordVC.storyboard; sourceTree = "<group>"; };
		B73CC90A2ACC17FE00F1AF13 /* BreakTimeWordVC.swift */ = {isa = PBXFileReference; lastKnownFileType = sourcecode.swift; path = BreakTimeWordVC.swift; sourceTree = "<group>"; };
		B73CC90C2ACC3E0700F1AF13 /* MyOnboardingPageController.swift */ = {isa = PBXFileReference; lastKnownFileType = sourcecode.swift; path = MyOnboardingPageController.swift; sourceTree = "<group>"; };
		B73CC90E2ACD2A1A00F1AF13 /* SelectVC.storyboard */ = {isa = PBXFileReference; lastKnownFileType = file.storyboard; path = SelectVC.storyboard; sourceTree = "<group>"; };
		B73CC9102ACD2A2C00F1AF13 /* SelectVC.swift */ = {isa = PBXFileReference; lastKnownFileType = sourcecode.swift; path = SelectVC.swift; sourceTree = "<group>"; };
/* End PBXFileReference section */

/* Begin PBXFrameworksBuildPhase section */
		B717AD6A2AC9A4A900497AAC /* Frameworks */ = {
			isa = PBXFrameworksBuildPhase;
			buildActionMask = 2147483647;
			files = (
				B72181E92ADFB0C20025C5FE /* DGCharts in Frameworks */,
				B72181902AD525B00025C5FE /* Realm in Frameworks */,
				B789AF462ACEAEC500400F55 /* RxRelay in Frameworks */,
				B72181922AD525B00025C5FE /* RealmSwift in Frameworks */,
				B789AF442ACEAEC500400F55 /* RxCocoa-Dynamic in Frameworks */,
				B789AF422ACEAEC500400F55 /* RxCocoa in Frameworks */,
				B789AF3E2ACEAEC500400F55 /* RxBlocking in Frameworks */,
				B72181EB2ADFB0C20025C5FE /* DGChartsDynamic in Frameworks */,
				B789AF402ACEAEC500400F55 /* RxBlocking-Dynamic in Frameworks */,
			);
			runOnlyForDeploymentPostprocessing = 0;
		};
/* End PBXFrameworksBuildPhase section */

/* Begin PBXGroup section */
		B702D51C2AE8EBAF0089BDF0 /* Extensions */ = {
			isa = PBXGroup;
			children = (
				B702D51D2AE8EBBE0089BDF0 /* Date+Ext.swift */,
			);
			path = Extensions;
			sourceTree = "<group>";
		};
		B717AD642AC9A4A900497AAC = {
			isa = PBXGroup;
			children = (
				B717AD6F2AC9A4A900497AAC /* TenMinutes_Pomo */,
				B717AD6E2AC9A4A900497AAC /* Products */,
			);
			sourceTree = "<group>";
		};
		B717AD6E2AC9A4A900497AAC /* Products */ = {
			isa = PBXGroup;
			children = (
				B717AD6D2AC9A4A900497AAC /* TenMinutes_Pomo.app */,
			);
			name = Products;
			sourceTree = "<group>";
		};
		B717AD6F2AC9A4A900497AAC /* TenMinutes_Pomo */ = {
			isa = PBXGroup;
			children = (
				B702D51C2AE8EBAF0089BDF0 /* Extensions */,
				B72181952AD52DC20025C5FE /* Scenes */,
				B717AD702AC9A4A900497AAC /* AppDelegate.swift */,
				B717AD722AC9A4AA00497AAC /* SceneDelegate.swift */,
				B717AD742AC9A4AA00497AAC /* ViewController.swift */,
				B717AD762AC9A4AA00497AAC /* Main.storyboard */,
				B73CC90C2ACC3E0700F1AF13 /* MyOnboardingPageController.swift */,
				B73CC90E2ACD2A1A00F1AF13 /* SelectVC.storyboard */,
				B73CC9102ACD2A2C00F1AF13 /* SelectVC.swift */,
				B73CC9042ACC0F5A00F1AF13 /* BreakTime.storyboard */,
				B73CC9062ACC10B000F1AF13 /* BreakTimeViewController.swift */,
				B73CC9082ACC17E300F1AF13 /* BreakTimeWordVC.storyboard */,
				B73CC90A2ACC17FE00F1AF13 /* BreakTimeWordVC.swift */,
				B717AD792AC9A4AD00497AAC /* Assets.xcassets */,
				B717AD7B2AC9A4AD00497AAC /* LaunchScreen.storyboard */,
				B717AD7E2AC9A4AD00497AAC /* Info.plist */,
			);
			path = TenMinutes_Pomo;
			sourceTree = "<group>";
		};
		B72181952AD52DC20025C5FE /* Scenes */ = {
			isa = PBXGroup;
			children = (
				B72181962AD52DCB0025C5FE /* Record */,
			);
			path = Scenes;
			sourceTree = "<group>";
		};
		B72181962AD52DCB0025C5FE /* Record */ = {
			isa = PBXGroup;
			children = (
				B72181972AD52DEE0025C5FE /* Models */,
				B72181932AD526990025C5FE /* RecordVC.swift */,
			);
			path = Record;
			sourceTree = "<group>";
		};
		B72181972AD52DEE0025C5FE /* Models */ = {
			isa = PBXGroup;
			children = (
				B72181982AD52DFF0025C5FE /* GritEntity.swift */,
				B721819A2AD52FD80025C5FE /* GritRepository.swift */,
			);
			path = Models;
			sourceTree = "<group>";
		};
/* End PBXGroup section */

/* Begin PBXNativeTarget section */
		B717AD6C2AC9A4A900497AAC /* TenMinutes_Pomo */ = {
			isa = PBXNativeTarget;
			buildConfigurationList = B717AD812AC9A4AD00497AAC /* Build configuration list for PBXNativeTarget "TenMinutes_Pomo" */;
			buildPhases = (
				B717AD692AC9A4A900497AAC /* Sources */,
				B717AD6A2AC9A4A900497AAC /* Frameworks */,
				B717AD6B2AC9A4A900497AAC /* Resources */,
			);
			buildRules = (
			);
			dependencies = (
			);
			name = TenMinutes_Pomo;
			packageProductDependencies = (
				B789AF3D2ACEAEC500400F55 /* RxBlocking */,
				B789AF3F2ACEAEC500400F55 /* RxBlocking-Dynamic */,
				B789AF412ACEAEC500400F55 /* RxCocoa */,
				B789AF432ACEAEC500400F55 /* RxCocoa-Dynamic */,
				B789AF452ACEAEC500400F55 /* RxRelay */,
				B721818F2AD525B00025C5FE /* Realm */,
				B72181912AD525B00025C5FE /* RealmSwift */,
				B72181E82ADFB0C20025C5FE /* DGCharts */,
				B72181EA2ADFB0C20025C5FE /* DGChartsDynamic */,
			);
			productName = TenMinutes_Pomo;
			productReference = B717AD6D2AC9A4A900497AAC /* TenMinutes_Pomo.app */;
			productType = "com.apple.product-type.application";
		};
/* End PBXNativeTarget section */

/* Begin PBXProject section */
		B717AD652AC9A4A900497AAC /* Project object */ = {
			isa = PBXProject;
			attributes = {
				BuildIndependentTargetsInParallel = 1;
				LastSwiftUpdateCheck = 1500;
				LastUpgradeCheck = 1500;
				TargetAttributes = {
					B717AD6C2AC9A4A900497AAC = {
						CreatedOnToolsVersion = 15.0;
					};
				};
			};
			buildConfigurationList = B717AD682AC9A4A900497AAC /* Build configuration list for PBXProject "TenMinutes_Pomo" */;
			compatibilityVersion = "Xcode 14.0";
			developmentRegion = en;
			hasScannedForEncodings = 0;
			knownRegions = (
				en,
				Base,
			);
			mainGroup = B717AD642AC9A4A900497AAC;
			packageReferences = (
				B789AF3C2ACEAEC500400F55 /* XCRemoteSwiftPackageReference "RxSwift" */,
				B721818E2AD525B00025C5FE /* XCRemoteSwiftPackageReference "realm-swift" */,
				B72181E72ADFB0C20025C5FE /* XCRemoteSwiftPackageReference "Charts" */,
			);
			productRefGroup = B717AD6E2AC9A4A900497AAC /* Products */;
			projectDirPath = "";
			projectRoot = "";
			targets = (
				B717AD6C2AC9A4A900497AAC /* TenMinutes_Pomo */,
			);
		};
/* End PBXProject section */

/* Begin PBXResourcesBuildPhase section */
		B717AD6B2AC9A4A900497AAC /* Resources */ = {
			isa = PBXResourcesBuildPhase;
			buildActionMask = 2147483647;
			files = (
				B717AD7D2AC9A4AD00497AAC /* LaunchScreen.storyboard in Resources */,
				B73CC90F2ACD2A1A00F1AF13 /* SelectVC.storyboard in Resources */,
				B717AD7A2AC9A4AD00497AAC /* Assets.xcassets in Resources */,
				B73CC9092ACC17E300F1AF13 /* BreakTimeWordVC.storyboard in Resources */,
				B717AD782AC9A4AA00497AAC /* Main.storyboard in Resources */,
				B73CC9052ACC0F5A00F1AF13 /* BreakTime.storyboard in Resources */,
			);
			runOnlyForDeploymentPostprocessing = 0;
		};
/* End PBXResourcesBuildPhase section */

/* Begin PBXSourcesBuildPhase section */
		B717AD692AC9A4A900497AAC /* Sources */ = {
			isa = PBXSourcesBuildPhase;
			buildActionMask = 2147483647;
			files = (
				B717AD752AC9A4AA00497AAC /* ViewController.swift in Sources */,
				B73CC9112ACD2A2C00F1AF13 /* SelectVC.swift in Sources */,
				B73CC90B2ACC17FF00F1AF13 /* BreakTimeWordVC.swift in Sources */,
				B73CC90D2ACC3E0700F1AF13 /* MyOnboardingPageController.swift in Sources */,
				B721819B2AD52FD80025C5FE /* GritRepository.swift in Sources */,
				B717AD712AC9A4A900497AAC /* AppDelegate.swift in Sources */,
				B702D51E2AE8EBBE0089BDF0 /* Date+Ext.swift in Sources */,
				B72181992AD52DFF0025C5FE /* GritEntity.swift in Sources */,
				B717AD732AC9A4AA00497AAC /* SceneDelegate.swift in Sources */,
				B72181942AD526990025C5FE /* RecordVC.swift in Sources */,
				B73CC9072ACC10B000F1AF13 /* BreakTimeViewController.swift in Sources */,
			);
			runOnlyForDeploymentPostprocessing = 0;
		};
/* End PBXSourcesBuildPhase section */

/* Begin PBXVariantGroup section */
		B717AD762AC9A4AA00497AAC /* Main.storyboard */ = {
			isa = PBXVariantGroup;
			children = (
				B717AD772AC9A4AA00497AAC /* Base */,
			);
			name = Main.storyboard;
			sourceTree = "<group>";
		};
		B717AD7B2AC9A4AD00497AAC /* LaunchScreen.storyboard */ = {
			isa = PBXVariantGroup;
			children = (
				B717AD7C2AC9A4AD00497AAC /* Base */,
			);
			name = LaunchScreen.storyboard;
			sourceTree = "<group>";
		};
/* End PBXVariantGroup section */

/* Begin XCBuildConfiguration section */
		B717AD7F2AC9A4AD00497AAC /* Debug */ = {
			isa = XCBuildConfiguration;
			buildSettings = {
				ALWAYS_SEARCH_USER_PATHS = NO;
				ASSETCATALOG_COMPILER_GENERATE_SWIFT_ASSET_SYMBOL_EXTENSIONS = YES;
				CLANG_ANALYZER_NONNULL = YES;
				CLANG_ANALYZER_NUMBER_OBJECT_CONVERSION = YES_AGGRESSIVE;
				CLANG_CXX_LANGUAGE_STANDARD = "gnu++20";
				CLANG_ENABLE_MODULES = YES;
				CLANG_ENABLE_OBJC_ARC = YES;
				CLANG_ENABLE_OBJC_WEAK = YES;
				CLANG_WARN_BLOCK_CAPTURE_AUTORELEASING = YES;
				CLANG_WARN_BOOL_CONVERSION = YES;
				CLANG_WARN_COMMA = YES;
				CLANG_WARN_CONSTANT_CONVERSION = YES;
				CLANG_WARN_DEPRECATED_OBJC_IMPLEMENTATIONS = YES;
				CLANG_WARN_DIRECT_OBJC_ISA_USAGE = YES_ERROR;
				CLANG_WARN_DOCUMENTATION_COMMENTS = YES;
				CLANG_WARN_EMPTY_BODY = YES;
				CLANG_WARN_ENUM_CONVERSION = YES;
				CLANG_WARN_INFINITE_RECURSION = YES;
				CLANG_WARN_INT_CONVERSION = YES;
				CLANG_WARN_NON_LITERAL_NULL_CONVERSION = YES;
				CLANG_WARN_OBJC_IMPLICIT_RETAIN_SELF = YES;
				CLANG_WARN_OBJC_LITERAL_CONVERSION = YES;
				CLANG_WARN_OBJC_ROOT_CLASS = YES_ERROR;
				CLANG_WARN_QUOTED_INCLUDE_IN_FRAMEWORK_HEADER = YES;
				CLANG_WARN_RANGE_LOOP_ANALYSIS = YES;
				CLANG_WARN_STRICT_PROTOTYPES = YES;
				CLANG_WARN_SUSPICIOUS_MOVE = YES;
				CLANG_WARN_UNGUARDED_AVAILABILITY = YES_AGGRESSIVE;
				CLANG_WARN_UNREACHABLE_CODE = YES;
				CLANG_WARN__DUPLICATE_METHOD_MATCH = YES;
				COPY_PHASE_STRIP = NO;
				DEBUG_INFORMATION_FORMAT = dwarf;
				ENABLE_STRICT_OBJC_MSGSEND = YES;
				ENABLE_TESTABILITY = YES;
				ENABLE_USER_SCRIPT_SANDBOXING = YES;
				GCC_C_LANGUAGE_STANDARD = gnu17;
				GCC_DYNAMIC_NO_PIC = NO;
				GCC_NO_COMMON_BLOCKS = YES;
				GCC_OPTIMIZATION_LEVEL = 0;
				GCC_PREPROCESSOR_DEFINITIONS = (
					"DEBUG=1",
					"$(inherited)",
				);
				GCC_WARN_64_TO_32_BIT_CONVERSION = YES;
				GCC_WARN_ABOUT_RETURN_TYPE = YES_ERROR;
				GCC_WARN_UNDECLARED_SELECTOR = YES;
				GCC_WARN_UNINITIALIZED_AUTOS = YES_AGGRESSIVE;
				GCC_WARN_UNUSED_FUNCTION = YES;
				GCC_WARN_UNUSED_VARIABLE = YES;
				IPHONEOS_DEPLOYMENT_TARGET = 17.0;
				LOCALIZATION_PREFERS_STRING_CATALOGS = YES;
				MTL_ENABLE_DEBUG_INFO = INCLUDE_SOURCE;
				MTL_FAST_MATH = YES;
				ONLY_ACTIVE_ARCH = YES;
				SDKROOT = iphoneos;
				SWIFT_ACTIVE_COMPILATION_CONDITIONS = "DEBUG $(inherited)";
				SWIFT_OPTIMIZATION_LEVEL = "-Onone";
			};
			name = Debug;
		};
		B717AD802AC9A4AD00497AAC /* Release */ = {
			isa = XCBuildConfiguration;
			buildSettings = {
				ALWAYS_SEARCH_USER_PATHS = NO;
				ASSETCATALOG_COMPILER_GENERATE_SWIFT_ASSET_SYMBOL_EXTENSIONS = YES;
				CLANG_ANALYZER_NONNULL = YES;
				CLANG_ANALYZER_NUMBER_OBJECT_CONVERSION = YES_AGGRESSIVE;
				CLANG_CXX_LANGUAGE_STANDARD = "gnu++20";
				CLANG_ENABLE_MODULES = YES;
				CLANG_ENABLE_OBJC_ARC = YES;
				CLANG_ENABLE_OBJC_WEAK = YES;
				CLANG_WARN_BLOCK_CAPTURE_AUTORELEASING = YES;
				CLANG_WARN_BOOL_CONVERSION = YES;
				CLANG_WARN_COMMA = YES;
				CLANG_WARN_CONSTANT_CONVERSION = YES;
				CLANG_WARN_DEPRECATED_OBJC_IMPLEMENTATIONS = YES;
				CLANG_WARN_DIRECT_OBJC_ISA_USAGE = YES_ERROR;
				CLANG_WARN_DOCUMENTATION_COMMENTS = YES;
				CLANG_WARN_EMPTY_BODY = YES;
				CLANG_WARN_ENUM_CONVERSION = YES;
				CLANG_WARN_INFINITE_RECURSION = YES;
				CLANG_WARN_INT_CONVERSION = YES;
				CLANG_WARN_NON_LITERAL_NULL_CONVERSION = YES;
				CLANG_WARN_OBJC_IMPLICIT_RETAIN_SELF = YES;
				CLANG_WARN_OBJC_LITERAL_CONVERSION = YES;
				CLANG_WARN_OBJC_ROOT_CLASS = YES_ERROR;
				CLANG_WARN_QUOTED_INCLUDE_IN_FRAMEWORK_HEADER = YES;
				CLANG_WARN_RANGE_LOOP_ANALYSIS = YES;
				CLANG_WARN_STRICT_PROTOTYPES = YES;
				CLANG_WARN_SUSPICIOUS_MOVE = YES;
				CLANG_WARN_UNGUARDED_AVAILABILITY = YES_AGGRESSIVE;
				CLANG_WARN_UNREACHABLE_CODE = YES;
				CLANG_WARN__DUPLICATE_METHOD_MATCH = YES;
				COPY_PHASE_STRIP = NO;
				DEBUG_INFORMATION_FORMAT = "dwarf-with-dsym";
				ENABLE_NS_ASSERTIONS = NO;
				ENABLE_STRICT_OBJC_MSGSEND = YES;
				ENABLE_USER_SCRIPT_SANDBOXING = YES;
				GCC_C_LANGUAGE_STANDARD = gnu17;
				GCC_NO_COMMON_BLOCKS = YES;
				GCC_WARN_64_TO_32_BIT_CONVERSION = YES;
				GCC_WARN_ABOUT_RETURN_TYPE = YES_ERROR;
				GCC_WARN_UNDECLARED_SELECTOR = YES;
				GCC_WARN_UNINITIALIZED_AUTOS = YES_AGGRESSIVE;
				GCC_WARN_UNUSED_FUNCTION = YES;
				GCC_WARN_UNUSED_VARIABLE = YES;
				IPHONEOS_DEPLOYMENT_TARGET = 17.0;
				LOCALIZATION_PREFERS_STRING_CATALOGS = YES;
				MTL_ENABLE_DEBUG_INFO = NO;
				MTL_FAST_MATH = YES;
				SDKROOT = iphoneos;
				SWIFT_COMPILATION_MODE = wholemodule;
				VALIDATE_PRODUCT = YES;
			};
			name = Release;
		};
		B717AD822AC9A4AD00497AAC /* Debug */ = {
			isa = XCBuildConfiguration;
			buildSettings = {
				ASSETCATALOG_COMPILER_APPICON_NAME = AppIcon;
				ASSETCATALOG_COMPILER_GLOBAL_ACCENT_COLOR_NAME = AccentColor;
				CODE_SIGN_STYLE = Automatic;
				CURRENT_PROJECT_VERSION = 1;
				DEVELOPMENT_TEAM = PVM8V4TM62;
				GENERATE_INFOPLIST_FILE = YES;
				INFOPLIST_FILE = TenMinutes_Pomo/Info.plist;
				INFOPLIST_KEY_UIApplicationSupportsIndirectInputEvents = YES;
				INFOPLIST_KEY_UILaunchStoryboardName = LaunchScreen;
				INFOPLIST_KEY_UIMainStoryboardFile = Main;
				INFOPLIST_KEY_UISupportedInterfaceOrientations_iPad = "UIInterfaceOrientationPortrait UIInterfaceOrientationPortraitUpsideDown UIInterfaceOrientationLandscapeLeft UIInterfaceOrientationLandscapeRight";
				INFOPLIST_KEY_UISupportedInterfaceOrientations_iPhone = "UIInterfaceOrientationPortrait UIInterfaceOrientationLandscapeLeft UIInterfaceOrientationLandscapeRight";
				LD_RUNPATH_SEARCH_PATHS = (
					"$(inherited)",
					"@executable_path/Frameworks",
				);
				MARKETING_VERSION = 1.0;
				PRODUCT_BUNDLE_IDENTIFIER = "com.dhui.TenMinutes-Pomo";
				PRODUCT_NAME = "$(TARGET_NAME)";
				SWIFT_EMIT_LOC_STRINGS = YES;
				SWIFT_VERSION = 5.0;
				TARGETED_DEVICE_FAMILY = "1,2";
			};
			name = Debug;
		};
		B717AD832AC9A4AD00497AAC /* Release */ = {
			isa = XCBuildConfiguration;
			buildSettings = {
				ASSETCATALOG_COMPILER_APPICON_NAME = AppIcon;
				ASSETCATALOG_COMPILER_GLOBAL_ACCENT_COLOR_NAME = AccentColor;
				CODE_SIGN_STYLE = Automatic;
				CURRENT_PROJECT_VERSION = 1;
				DEVELOPMENT_TEAM = PVM8V4TM62;
				GENERATE_INFOPLIST_FILE = YES;
				INFOPLIST_FILE = TenMinutes_Pomo/Info.plist;
				INFOPLIST_KEY_UIApplicationSupportsIndirectInputEvents = YES;
				INFOPLIST_KEY_UILaunchStoryboardName = LaunchScreen;
				INFOPLIST_KEY_UIMainStoryboardFile = Main;
				INFOPLIST_KEY_UISupportedInterfaceOrientations_iPad = "UIInterfaceOrientationPortrait UIInterfaceOrientationPortraitUpsideDown UIInterfaceOrientationLandscapeLeft UIInterfaceOrientationLandscapeRight";
				INFOPLIST_KEY_UISupportedInterfaceOrientations_iPhone = "UIInterfaceOrientationPortrait UIInterfaceOrientationLandscapeLeft UIInterfaceOrientationLandscapeRight";
				LD_RUNPATH_SEARCH_PATHS = (
					"$(inherited)",
					"@executable_path/Frameworks",
				);
				MARKETING_VERSION = 1.0;
				PRODUCT_BUNDLE_IDENTIFIER = "com.dhui.TenMinutes-Pomo";
				PRODUCT_NAME = "$(TARGET_NAME)";
				SWIFT_EMIT_LOC_STRINGS = YES;
				SWIFT_VERSION = 5.0;
				TARGETED_DEVICE_FAMILY = "1,2";
			};
			name = Release;
		};
/* End XCBuildConfiguration section */

/* Begin XCConfigurationList section */
		B717AD682AC9A4A900497AAC /* Build configuration list for PBXProject "TenMinutes_Pomo" */ = {
			isa = XCConfigurationList;
			buildConfigurations = (
				B717AD7F2AC9A4AD00497AAC /* Debug */,
				B717AD802AC9A4AD00497AAC /* Release */,
			);
			defaultConfigurationIsVisible = 0;
			defaultConfigurationName = Release;
		};
		B717AD812AC9A4AD00497AAC /* Build configuration list for PBXNativeTarget "TenMinutes_Pomo" */ = {
			isa = XCConfigurationList;
			buildConfigurations = (
				B717AD822AC9A4AD00497AAC /* Debug */,
				B717AD832AC9A4AD00497AAC /* Release */,
			);
			defaultConfigurationIsVisible = 0;
			defaultConfigurationName = Release;
		};
/* End XCConfigurationList section */

/* Begin XCRemoteSwiftPackageReference section */
		B721818E2AD525B00025C5FE /* XCRemoteSwiftPackageReference "realm-swift" */ = {
			isa = XCRemoteSwiftPackageReference;
			repositoryURL = "https://github.com/realm/realm-swift.git";
			requirement = {
				branch = master;
				kind = branch;
			};
		};
		B72181E72ADFB0C20025C5FE /* XCRemoteSwiftPackageReference "Charts" */ = {
			isa = XCRemoteSwiftPackageReference;
			repositoryURL = "https://github.com/danielgindi/Charts.git";
			requirement = {
				kind = upToNextMajorVersion;
				minimumVersion = 5.0.0;
			};
		};
		B789AF3C2ACEAEC500400F55 /* XCRemoteSwiftPackageReference "RxSwift" */ = {
			isa = XCRemoteSwiftPackageReference;
			repositoryURL = "https://github.com/ReactiveX/RxSwift.git";
			requirement = {
				kind = upToNextMajorVersion;
				minimumVersion = 6.6.0;
			};
		};
/* End XCRemoteSwiftPackageReference section */

/* Begin XCSwiftPackageProductDependency section */
		B721818F2AD525B00025C5FE /* Realm */ = {
			isa = XCSwiftPackageProductDependency;
			package = B721818E2AD525B00025C5FE /* XCRemoteSwiftPackageReference "realm-swift" */;
			productName = Realm;
		};
		B72181912AD525B00025C5FE /* RealmSwift */ = {
			isa = XCSwiftPackageProductDependency;
			package = B721818E2AD525B00025C5FE /* XCRemoteSwiftPackageReference "realm-swift" */;
			productName = RealmSwift;
		};
		B72181E82ADFB0C20025C5FE /* DGCharts */ = {
			isa = XCSwiftPackageProductDependency;
			package = B72181E72ADFB0C20025C5FE /* XCRemoteSwiftPackageReference "Charts" */;
			productName = DGCharts;
		};
		B72181EA2ADFB0C20025C5FE /* DGChartsDynamic */ = {
			isa = XCSwiftPackageProductDependency;
			package = B72181E72ADFB0C20025C5FE /* XCRemoteSwiftPackageReference "Charts" */;
			productName = DGChartsDynamic;
		};
		B789AF3D2ACEAEC500400F55 /* RxBlocking */ = {
			isa = XCSwiftPackageProductDependency;
			package = B789AF3C2ACEAEC500400F55 /* XCRemoteSwiftPackageReference "RxSwift" */;
			productName = RxBlocking;
		};
		B789AF3F2ACEAEC500400F55 /* RxBlocking-Dynamic */ = {
			isa = XCSwiftPackageProductDependency;
			package = B789AF3C2ACEAEC500400F55 /* XCRemoteSwiftPackageReference "RxSwift" */;
			productName = "RxBlocking-Dynamic";
		};
		B789AF412ACEAEC500400F55 /* RxCocoa */ = {
			isa = XCSwiftPackageProductDependency;
			package = B789AF3C2ACEAEC500400F55 /* XCRemoteSwiftPackageReference "RxSwift" */;
			productName = RxCocoa;
		};
		B789AF432ACEAEC500400F55 /* RxCocoa-Dynamic */ = {
			isa = XCSwiftPackageProductDependency;
			package = B789AF3C2ACEAEC500400F55 /* XCRemoteSwiftPackageReference "RxSwift" */;
			productName = "RxCocoa-Dynamic";
		};
		B789AF452ACEAEC500400F55 /* RxRelay */ = {
			isa = XCSwiftPackageProductDependency;
			package = B789AF3C2ACEAEC500400F55 /* XCRemoteSwiftPackageReference "RxSwift" */;
			productName = RxRelay;
		};
/* End XCSwiftPackageProductDependency section */
	};
	rootObject = B717AD652AC9A4A900497AAC /* Project object */;
}
